
Microsoft Visual Studio Solution File, Format Version 12.00
# Visual Studio Version 17
VisualStudioVersion = 17.14.37111.16 d17.14
MinimumVisualStudioVersion = 10.0.40219.1
Project("{8BC9CEB8-8B4A-11D0-8D11-00A0C91BC942}") = "client", "client.vcxproj", "{A3B25B8B-8635-4852-815F-3ABF5D0A587B}"
EndProject
Global
	GlobalSection(SolutionConfigurationPlatforms) = preSolution
		Debug|x64 = Debug|x64
		Debug|x86 = Debug|x86
		Release|x64 = Release|x64
		Release|x86 = Release|x86
	EndGlobalSection
	GlobalSection(ProjectConfigurationPlatforms) = postSolution
		{A3B25B8B-8635-4852-815F-3ABF5D0A587B}.Debug|x64.ActiveCfg = Debug|x64
		{A3B25B8B-8635-4852-815F-3ABF5D0A587B}.Debug|x64.Build.0 = Debug|x64
		{A3B25B8B-8635-4852-815F-3ABF5D0A587B}.Debug|x86.ActiveCfg = Debug|Win32
		{A3B25B8B-8635-4852-815F-3ABF5D0A587B}.Debug|x86.Build.0 = Debug|Win32
		{A3B25B8B-8635-4852-815F-3ABF5D0A587B}.Release|x64.ActiveCfg = Release|x64
		{A3B25B8B-8635-4852-815F-3ABF5D0A587B}.Release|x64.Build.0 = Release|x64
		{A3B25B8B-8635-4852-815F-3ABF5D0A587B}.Release|x86.ActiveCfg = Release|Win32
		{A3B25B8B-8635-4852-815F-3ABF5D0A587B}.Release|x86.Build.0 = Release|Win32
	EndGlobalSection
	GlobalSection(SolutionProperties) = preSolution
		HideSolutionNode = FALSE
	EndGlobalSection
	GlobalSection(ExtensibilityGlobals) = postSolution
		SolutionGuid = {C53C0801-5874-4582-BA7F-909B3F44A47E}
	EndGlobalSection
EndGlobal
