
Microsoft Visual Studio Solution File, Format Version 12.00
# Visual Studio Version 17
VisualStudioVersion = 17.14.37314.3 d17.14
MinimumVisualStudioVersion = 10.0.40219.1
Project("{8BC9CEB8-8B4A-11D0-8D11-00A0C91BC942}") = "StressTest", "StressTest.vcxproj", "{34A6FBE3-7F21-4B4E-A7BD-22D6FF351748}"
EndProject
Global
	GlobalSection(SolutionConfigurationPlatforms) = preSolution
		Debug|x64 = Debug|x64
		Debug|x86 = Debug|x86
		Release|x64 = Release|x64
		Release|x86 = Release|x86
	EndGlobalSection
	GlobalSection(ProjectConfigurationPlatforms) = postSolution
		{34A6FBE3-7F21-4B4E-A7BD-22D6FF351748}.Debug|x64.ActiveCfg = Debug|x64
		{34A6FBE3-7F21-4B4E-A7BD-22D6FF351748}.Debug|x64.Build.0 = Debug|x64
		{34A6FBE3-7F21-4B4E-A7BD-22D6FF351748}.Debug|x86.ActiveCfg = Debug|Win32
		{34A6FBE3-7F21-4B4E-A7BD-22D6FF351748}.Debug|x86.Build.0 = Debug|Win32
		{34A6FBE3-7F21-4B4E-A7BD-22D6FF351748}.Release|x64.ActiveCfg = Release|x64
		{34A6FBE3-7F21-4B4E-A7BD-22D6FF351748}.Release|x64.Build.0 = Release|x64
		{34A6FBE3-7F21-4B4E-A7BD-22D6FF351748}.Release|x86.ActiveCfg = Release|Win32
		{34A6FBE3-7F21-4B4E-A7BD-22D6FF351748}.Release|x86.Build.0 = Release|Win32
	EndGlobalSection
	GlobalSection(SolutionProperties) = preSolution
		HideSolutionNode = FALSE
	EndGlobalSection
	GlobalSection(ExtensibilityGlobals) = postSolution
		SolutionGuid = {E0D69411-189A-4B42-9E73-1523DD3F84A0}
	EndGlobalSection
EndGlobal
